// !$*UTF8*$!
{
	archiveVersion = 1;
	classes = {
	};
	objectVersion = 46;
	objects = {

/* Begin PBXBuildFile section */
		151ECDE4193416250081841F /* TableViewControllerSetor.m in Sources */ = {isa = PBXBuildFile; fileRef = 151ECDE3193416250081841F /* TableViewControllerSetor.m */; };
		151ECDE7193417AC0081841F /* Setor.m in Sources */ = {isa = PBXBuildFile; fileRef = 151ECDE6193417AC0081841F /* Setor.m */; };
		151ECDEA193417BF0081841F /* Poder.m in Sources */ = {isa = PBXBuildFile; fileRef = 151ECDE9193417BF0081841F /* Poder.m */; };
		151ECDED1934278B0081841F /* TableViewControllerFuncionarios.m in Sources */ = {isa = PBXBuildFile; fileRef = 151ECDEC1934278B0081841F /* TableViewControllerFuncionarios.m */; };
		151ECE0A19342F7A0081841F /* NSObject+SBJson.m in Sources */ = {isa = PBXBuildFile; fileRef = 151ECDF019342F7A0081841F /* NSObject+SBJson.m */; };
		151ECE0B19342F7A0081841F /* SBJsonParser.m in Sources */ = {isa = PBXBuildFile; fileRef = 151ECDF319342F7A0081841F /* SBJsonParser.m */; };
		151ECE0C19342F7A0081841F /* SBJsonStreamParser.m in Sources */ = {isa = PBXBuildFile; fileRef = 151ECDF519342F7A0081841F /* SBJsonStreamParser.m */; };
		151ECE0D19342F7A0081841F /* SBJsonStreamParserAccumulator.m in Sources */ = {isa = PBXBuildFile; fileRef = 151ECDF719342F7A0081841F /* SBJsonStreamParserAccumulator.m */; };
		151ECE0E19342F7A0081841F /* SBJsonStreamParserAdapter.m in Sources */ = {isa = PBXBuildFile; fileRef = 151ECDF919342F7A0081841F /* SBJsonStreamParserAdapter.m */; };
		151ECE0F19342F7A0081841F /* SBJsonStreamParserState.m in Sources */ = {isa = PBXBuildFile; fileRef = 151ECDFB19342F7A0081841F /* SBJsonStreamParserState.m */; };
		151ECE1019342F7A0081841F /* SBJsonStreamWriter.m in Sources */ = {isa = PBXBuildFile; fileRef = 151ECDFD19342F7A0081841F /* SBJsonStreamWriter.m */; };
		151ECE1119342F7A0081841F /* SBJsonStreamWriterAccumulator.m in Sources */ = {isa = PBXBuildFile; fileRef = 151ECDFF19342F7A0081841F /* SBJsonStreamWriterAccumulator.m */; };
		151ECE1219342F7A0081841F /* SBJsonStreamWriterState.m in Sources */ = {isa = PBXBuildFile; fileRef = 151ECE0119342F7A0081841F /* SBJsonStreamWriterState.m */; };
		151ECE1319342F7A0081841F /* SBJsonTokeniser.m in Sources */ = {isa = PBXBuildFile; fileRef = 151ECE0319342F7A0081841F /* SBJsonTokeniser.m */; };
		151ECE1419342F7A0081841F /* SBJsonUTF8Stream.m in Sources */ = {isa = PBXBuildFile; fileRef = 151ECE0519342F7A0081841F /* SBJsonUTF8Stream.m */; };
		151ECE1519342F7A0081841F /* SBJsonWriter.m in Sources */ = {isa = PBXBuildFile; fileRef = 151ECE0719342F7A0081841F /* SBJsonWriter.m */; };
		151ECE1619342F7A0081841F /* SMXMLDocument.m in Sources */ = {isa = PBXBuildFile; fileRef = 151ECE0919342F7A0081841F /* SMXMLDocument.m */; };
		151ECE1D19342FB60081841F /* HttpHelper.m in Sources */ = {isa = PBXBuildFile; fileRef = 151ECE1919342FB60081841F /* HttpHelper.m */; };
		151ECE1E19342FB60081841F /* TransacaoUtil.m in Sources */ = {isa = PBXBuildFile; fileRef = 151ECE1C19342FB60081841F /* TransacaoUtil.m */; };
		151ECE2119342FF40081841F /* PoderesService.m in Sources */ = {isa = PBXBuildFile; fileRef = 151ECE2019342FF40081841F /* PoderesService.m */; };
		1545CFD319364F1F00C9F0AB /* SingletonFuncionarios.m in Sources */ = {isa = PBXBuildFile; fileRef = 1545CFD219364F1F00C9F0AB /* SingletonFuncionarios.m */; };
		158B92BE1906D35F006FF392 /* SWRevealViewController.m in Sources */ = {isa = PBXBuildFile; fileRef = 158B92BD1906D35F006FF392 /* SWRevealViewController.m */; };
		158B92C11906DFC9006FF392 /* menu.png in Resources */ = {isa = PBXBuildFile; fileRef = 158B92BF1906DFC9006FF392 /* menu.png */; };
		158B92C21906DFC9006FF392 /* menu@2x.png in Resources */ = {isa = PBXBuildFile; fileRef = 158B92C01906DFC9006FF392 /* menu@2x.png */; };
		158B92C61906E3B4006FF392 /* TableViewController.m in Sources */ = {isa = PBXBuildFile; fileRef = 158B92C51906E3B4006FF392 /* TableViewController.m */; };
		158B92C91906EC03006FF392 /* Orgao.m in Sources */ = {isa = PBXBuildFile; fileRef = 158B92C81906EC03006FF392 /* Orgao.m */; };
		158B92CC1906EC17006FF392 /* Funcionario.m in Sources */ = {isa = PBXBuildFile; fileRef = 158B92CB1906EC17006FF392 /* Funcionario.m */; };
		158B92CF1906EC23006FF392 /* Cargo.m in Sources */ = {isa = PBXBuildFile; fileRef = 158B92CE1906EC23006FF392 /* Cargo.m */; };
		158B92D21906F1E4006FF392 /* TableViewControllerOrgao.m in Sources */ = {isa = PBXBuildFile; fileRef = 158B92D11906F1E4006FF392 /* TableViewControllerOrgao.m */; };
		158B92D6190716BA006FF392 /* CustomCell.m in Sources */ = {isa = PBXBuildFile; fileRef = 158B92D5190716BA006FF392 /* CustomCell.m */; };
		158B92D81907179D006FF392 /* CustomCell.xib in Resources */ = {isa = PBXBuildFile; fileRef = 158B92D71907179D006FF392 /* CustomCell.xib */; };
		158B92E719074020006FF392 /* alarm.png in Resources */ = {isa = PBXBuildFile; fileRef = 158B92DD19074020006FF392 /* alarm.png */; };
		158B92E819074020006FF392 /* birthday.png in Resources */ = {isa = PBXBuildFile; fileRef = 158B92DE19074020006FF392 /* birthday.png */; };
		158B92E919074020006FF392 /* email.png in Resources */ = {isa = PBXBuildFile; fileRef = 158B92DF19074020006FF392 /* email.png */; };
		158B92EA19074020006FF392 /* fax.png in Resources */ = {isa = PBXBuildFile; fileRef = 158B92E019074020006FF392 /* fax.png */; };
		158B92EB19074020006FF392 /* globe.png in Resources */ = {isa = PBXBuildFile; fileRef = 158B92E119074020006FF392 /* globe.png */; };
		158B92EC19074020006FF392 /* ok.png in Resources */ = {isa = PBXBuildFile; fileRef = 158B92E219074020006FF392 /* ok.png */; };
		158B92ED19074020006FF392 /* phone.png in Resources */ = {isa = PBXBuildFile; fileRef = 158B92E319074020006FF392 /* phone.png */; };
		158B92EE19074020006FF392 /* pin.png in Resources */ = {isa = PBXBuildFile; fileRef = 158B92E419074020006FF392 /* pin.png */; };
		158B92EF19074020006FF392 /* site.png in Resources */ = {isa = PBXBuildFile; fileRef = 158B92E519074020006FF392 /* site.png */; };
		158B92F019074020006FF392 /* user.png in Resources */ = {isa = PBXBuildFile; fileRef = 158B92E619074020006FF392 /* user.png */; };
		158B92F319074054006FF392 /* TableViewControllerCargo.m in Sources */ = {isa = PBXBuildFile; fileRef = 158B92F219074054006FF392 /* TableViewControllerCargo.m */; };
		158B92F61907513C006FF392 /* ViewControllerFuncionario.m in Sources */ = {isa = PBXBuildFile; fileRef = 158B92F51907513C006FF392 /* ViewControllerFuncionario.m */; };
		158EF5F619060B1B002E6F74 /* vector_logo2.png in Resources */ = {isa = PBXBuildFile; fileRef = 158EF5F519060B1B002E6F74 /* vector_logo2.png */; };
		15A26FDF1909D05100FF7980 /* MessageUI.framework in Frameworks */ = {isa = PBXBuildFile; fileRef = 15A26FDE1909D05100FF7980 /* MessageUI.framework */; };
		15A545521905F7D100253D7C /* Foundation.framework in Frameworks */ = {isa = PBXBuildFile; fileRef = 15A545511905F7D100253D7C /* Foundation.framework */; };
		15A545541905F7D100253D7C /* CoreGraphics.framework in Frameworks */ = {isa = PBXBuildFile; fileRef = 15A545531905F7D100253D7C /* CoreGraphics.framework */; };
		15A545561905F7D100253D7C /* UIKit.framework in Frameworks */ = {isa = PBXBuildFile; fileRef = 15A545551905F7D100253D7C /* UIKit.framework */; };
		15A5455C1905F7D100253D7C /* InfoPlist.strings in Resources */ = {isa = PBXBuildFile; fileRef = 15A5455A1905F7D100253D7C /* InfoPlist.strings */; };
		15A5455E1905F7D100253D7C /* main.m in Sources */ = {isa = PBXBuildFile; fileRef = 15A5455D1905F7D100253D7C /* main.m */; };
		15A545621905F7D100253D7C /* AppDelegate.m in Sources */ = {isa = PBXBuildFile; fileRef = 15A545611905F7D100253D7C /* AppDelegate.m */; };
		15A545651905F7D100253D7C /* Main_iPhone.storyboard in Resources */ = {isa = PBXBuildFile; fileRef = 15A545631905F7D100253D7C /* Main_iPhone.storyboard */; };
		15A545681905F7D100253D7C /* Main_iPad.storyboard in Resources */ = {isa = PBXBuildFile; fileRef = 15A545661905F7D100253D7C /* Main_iPad.storyboard */; };
		15A5456B1905F7D100253D7C /* ViewController.m in Sources */ = {isa = PBXBuildFile; fileRef = 15A5456A1905F7D100253D7C /* ViewController.m */; };
		15A5456D1905F7D100253D7C /* Images.xcassets in Resources */ = {isa = PBXBuildFile; fileRef = 15A5456C1905F7D100253D7C /* Images.xcassets */; };
		15A545741905F7D100253D7C /* XCTest.framework in Frameworks */ = {isa = PBXBuildFile; fileRef = 15A545731905F7D100253D7C /* XCTest.framework */; };
		15A545751905F7D100253D7C /* Foundation.framework in Frameworks */ = {isa = PBXBuildFile; fileRef = 15A545511905F7D100253D7C /* Foundation.framework */; };
		15A545761905F7D100253D7C /* UIKit.framework in Frameworks */ = {isa = PBXBuildFile; fileRef = 15A545551905F7D100253D7C /* UIKit.framework */; };
		15A5457E1905F7D100253D7C /* InfoPlist.strings in Resources */ = {isa = PBXBuildFile; fileRef = 15A5457C1905F7D100253D7C /* InfoPlist.strings */; };
		15A545801905F7D100253D7C /* guiadopoderTests.m in Sources */ = {isa = PBXBuildFile; fileRef = 15A5457F1905F7D100253D7C /* guiadopoderTests.m */; };
		15AC18F91911BE010067919D /* search.png in Resources */ = {isa = PBXBuildFile; fileRef = 15AC18F81911BE010067919D /* search.png */; };
		15AC18FF1911C1320067919D /* TableViewControllerFilterName.m in Sources */ = {isa = PBXBuildFile; fileRef = 15AC18FE1911C1320067919D /* TableViewControllerFilterName.m */; };
		15AC19011911FBC70067919D /* add.png in Resources */ = {isa = PBXBuildFile; fileRef = 15AC19001911FBC70067919D /* add.png */; };
		15C2FE6A192AC70700B36D1F /* logo_vector_about.jpg in Resources */ = {isa = PBXBuildFile; fileRef = 15C2FE69192AC70700B36D1F /* logo_vector_about.jpg */; };
		15DC5E6A1936A6610061F37E /* hall.png in Resources */ = {isa = PBXBuildFile; fileRef = 15DC5E691936A6600061F37E /* hall.png */; };
		15FA30F2193547C200E8034D /* SingletonPoder.m in Sources */ = {isa = PBXBuildFile; fileRef = 15FA30F1193547C100E8034D /* SingletonPoder.m */; };
/* End PBXBuildFile section */

/* Begin PBXContainerItemProxy section */
		15A545771905F7D100253D7C /* PBXContainerItemProxy */ = {
			isa = PBXContainerItemProxy;
			containerPortal = 15A545461905F7D100253D7C /* Project object */;
			proxyType = 1;
			remoteGlobalIDString = 15A5454D1905F7D100253D7C;
			remoteInfo = guiadopoder;
		};
/* End PBXContainerItemProxy section */

/* Begin PBXFileReference section */
		151ECDE2193416250081841F /* TableViewControllerSetor.h */ = {isa = PBXFileReference; fileEncoding = 4; lastKnownFileType = sourcecode.c.h; name = TableViewControllerSetor.h; path = ../TableViewControllerSetor.h; sourceTree = "<group>"; };
		151ECDE3193416250081841F /* TableViewControllerSetor.m */ = {isa = PBXFileReference; fileEncoding = 4; lastKnownFileType = sourcecode.c.objc; name = TableViewControllerSetor.m; path = ../TableViewControllerSetor.m; sourceTree = "<group>"; };
		151ECDE5193417AC0081841F /* Setor.h */ = {isa = PBXFileReference; fileEncoding = 4; lastKnownFileType = sourcecode.c.h; name = Setor.h; path = ../Setor.h; sourceTree = "<group>"; };
		151ECDE6193417AC0081841F /* Setor.m */ = {isa = PBXFileReference; fileEncoding = 4; lastKnownFileType = sourcecode.c.objc; name = Setor.m; path = ../Setor.m; sourceTree = "<group>"; };
		151ECDE8193417BF0081841F /* Poder.h */ = {isa = PBXFileReference; fileEncoding = 4; lastKnownFileType = sourcecode.c.h; name = Poder.h; path = ../Poder.h; sourceTree = "<group>"; };
		151ECDE9193417BF0081841F /* Poder.m */ = {isa = PBXFileReference; fileEncoding = 4; lastKnownFileType = sourcecode.c.objc; name = Poder.m; path = ../Poder.m; sourceTree = "<group>"; };
		151ECDEB1934278B0081841F /* TableViewControllerFuncionarios.h */ = {isa = PBXFileReference; fileEncoding = 4; lastKnownFileType = sourcecode.c.h; name = TableViewControllerFuncionarios.h; path = ../TableViewControllerFuncionarios.h; sourceTree = "<group>"; };
		151ECDEC1934278B0081841F /* TableViewControllerFuncionarios.m */ = {isa = PBXFileReference; fileEncoding = 4; lastKnownFileType = sourcecode.c.objc; name = TableViewControllerFuncionarios.m; path = ../TableViewControllerFuncionarios.m; sourceTree = "<group>"; };
		151ECDEF19342F7A0081841F /* NSObject+SBJson.h */ = {isa = PBXFileReference; fileEncoding = 4; lastKnownFileType = sourcecode.c.h; path = "NSObject+SBJson.h"; sourceTree = "<group>"; };
		151ECDF019342F7A0081841F /* NSObject+SBJson.m */ = {isa = PBXFileReference; fileEncoding = 4; lastKnownFileType = sourcecode.c.objc; path = "NSObject+SBJson.m"; sourceTree = "<group>"; };
		151ECDF119342F7A0081841F /* SBJson.h */ = {isa = PBXFileReference; fileEncoding = 4; lastKnownFileType = sourcecode.c.h; path = SBJson.h; sourceTree = "<group>"; };
		151ECDF219342F7A0081841F /* SBJsonParser.h */ = {isa = PBXFileReference; fileEncoding = 4; lastKnownFileType = sourcecode.c.h; path = SBJsonParser.h; sourceTree = "<group>"; };
		151ECDF319342F7A0081841F /* SBJsonParser.m */ = {isa = PBXFileReference; fileEncoding = 4; lastKnownFileType = sourcecode.c.objc; path = SBJsonParser.m; sourceTree = "<group>"; };
		151ECDF419342F7A0081841F /* SBJsonStreamParser.h */ = {isa = PBXFileReference; fileEncoding = 4; lastKnownFileType = sourcecode.c.h; path = SBJsonStreamParser.h; sourceTree = "<group>"; };
		151ECDF519342F7A0081841F /* SBJsonStreamParser.m */ = {isa = PBXFileReference; fileEncoding = 4; lastKnownFileType = sourcecode.c.objc; path = SBJsonStreamParser.m; sourceTree = "<group>"; };
		151ECDF619342F7A0081841F /* SBJsonStreamParserAccumulator.h */ = {isa = PBXFileReference; fileEncoding = 4; lastKnownFileType = sourcecode.c.h; path = SBJsonStreamParserAccumulator.h; sourceTree = "<group>"; };
		151ECDF719342F7A0081841F /* SBJsonStreamParserAccumulator.m */ = {isa = PBXFileReference; fileEncoding = 4; lastKnownFileType = sourcecode.c.objc; path = SBJsonStreamParserAccumulator.m; sourceTree = "<group>"; };
		151ECDF819342F7A0081841F /* SBJsonStreamParserAdapter.h */ = {isa = PBXFileReference; fileEncoding = 4; lastKnownFileType = sourcecode.c.h; path = SBJsonStreamParserAdapter.h; sourceTree = "<group>"; };
		151ECDF919342F7A0081841F /* SBJsonStreamParserAdapter.m */ = {isa = PBXFileReference; fileEncoding = 4; lastKnownFileType = sourcecode.c.objc; path = SBJsonStreamParserAdapter.m; sourceTree = "<group>"; };
		151ECDFA19342F7A0081841F /* SBJsonStreamParserState.h */ = {isa = PBXFileReference; fileEncoding = 4; lastKnownFileType = sourcecode.c.h; path = SBJsonStreamParserState.h; sourceTree = "<group>"; };
		151ECDFB19342F7A0081841F /* SBJsonStreamParserState.m */ = {isa = PBXFileReference; fileEncoding = 4; lastKnownFileType = sourcecode.c.objc; path = SBJsonStreamParserState.m; sourceTree = "<group>"; };
		151ECDFC19342F7A0081841F /* SBJsonStreamWriter.h */ = {isa = PBXFileReference; fileEncoding = 4; lastKnownFileType = sourcecode.c.h; path = SBJsonStreamWriter.h; sourceTree = "<group>"; };
		151ECDFD19342F7A0081841F /* SBJsonStreamWriter.m */ = {isa = PBXFileReference; fileEncoding = 4; lastKnownFileType = sourcecode.c.objc; path = SBJsonStreamWriter.m; sourceTree = "<group>"; };
		151ECDFE19342F7A0081841F /* SBJsonStreamWriterAccumulator.h */ = {isa = PBXFileReference; fileEncoding = 4; lastKnownFileType = sourcecode.c.h; path = SBJsonStreamWriterAccumulator.h; sourceTree = "<group>"; };
		151ECDFF19342F7A0081841F /* SBJsonStreamWriterAccumulator.m */ = {isa = PBXFileReference; fileEncoding = 4; lastKnownFileType = sourcecode.c.objc; path = SBJsonStreamWriterAccumulator.m; sourceTree = "<group>"; };
		151ECE0019342F7A0081841F /* SBJsonStreamWriterState.h */ = {isa = PBXFileReference; fileEncoding = 4; lastKnownFileType = sourcecode.c.h; path = SBJsonStreamWriterState.h; sourceTree = "<group>"; };
		151ECE0119342F7A0081841F /* SBJsonStreamWriterState.m */ = {isa = PBXFileReference; fileEncoding = 4; lastKnownFileType = sourcecode.c.objc; path = SBJsonStreamWriterState.m; sourceTree = "<group>"; };
		151ECE0219342F7A0081841F /* SBJsonTokeniser.h */ = {isa = PBXFileReference; fileEncoding = 4; lastKnownFileType = sourcecode.c.h; path = SBJsonTokeniser.h; sourceTree = "<group>"; };
		151ECE0319342F7A0081841F /* SBJsonTokeniser.m */ = {isa = PBXFileReference; fileEncoding = 4; lastKnownFileType = sourcecode.c.objc; path = SBJsonTokeniser.m; sourceTree = "<group>"; };
		151ECE0419342F7A0081841F /* SBJsonUTF8Stream.h */ = {isa = PBXFileReference; fileEncoding = 4; lastKnownFileType = sourcecode.c.h; path = SBJsonUTF8Stream.h; sourceTree = "<group>"; };
		151ECE0519342F7A0081841F /* SBJsonUTF8Stream.m */ = {isa = PBXFileReference; fileEncoding = 4; lastKnownFileType = sourcecode.c.objc; path = SBJsonUTF8Stream.m; sourceTree = "<group>"; };
		151ECE0619342F7A0081841F /* SBJsonWriter.h */ = {isa = PBXFileReference; fileEncoding = 4; lastKnownFileType = sourcecode.c.h; path = SBJsonWriter.h; sourceTree = "<group>"; };
		151ECE0719342F7A0081841F /* SBJsonWriter.m */ = {isa = PBXFileReference; fileEncoding = 4; lastKnownFileType = sourcecode.c.objc; path = SBJsonWriter.m; sourceTree = "<group>"; };
		151ECE0819342F7A0081841F /* SMXMLDocument.h */ = {isa = PBXFileReference; fileEncoding = 4; lastKnownFileType = sourcecode.c.h; path = SMXMLDocument.h; sourceTree = "<group>"; };
		151ECE0919342F7A0081841F /* SMXMLDocument.m */ = {isa = PBXFileReference; fileEncoding = 4; lastKnownFileType = sourcecode.c.objc; path = SMXMLDocument.m; sourceTree = "<group>"; };
		151ECE1819342FB60081841F /* HttpHelper.h */ = {isa = PBXFileReference; fileEncoding = 4; lastKnownFileType = sourcecode.c.h; path = HttpHelper.h; sourceTree = "<group>"; };
		151ECE1919342FB60081841F /* HttpHelper.m */ = {isa = PBXFileReference; fileEncoding = 4; lastKnownFileType = sourcecode.c.objc; path = HttpHelper.m; sourceTree = "<group>"; };
		151ECE1A19342FB60081841F /* Transacao.h */ = {isa = PBXFileReference; fileEncoding = 4; lastKnownFileType = sourcecode.c.h; path = Transacao.h; sourceTree = "<group>"; };
		151ECE1B19342FB60081841F /* TransacaoUtil.h */ = {isa = PBXFileReference; fileEncoding = 4; lastKnownFileType = sourcecode.c.h; path = TransacaoUtil.h; sourceTree = "<group>"; };
		151ECE1C19342FB60081841F /* TransacaoUtil.m */ = {isa = PBXFileReference; fileEncoding = 4; lastKnownFileType = sourcecode.c.objc; path = TransacaoUtil.m; sourceTree = "<group>"; };
		151ECE1F19342FF40081841F /* PoderesService.h */ = {isa = PBXFileReference; fileEncoding = 4; lastKnownFileType = sourcecode.c.h; path = PoderesService.h; sourceTree = "<group>"; };
		151ECE2019342FF40081841F /* PoderesService.m */ = {isa = PBXFileReference; fileEncoding = 4; lastKnownFileType = sourcecode.c.objc; path = PoderesService.m; sourceTree = "<group>"; };
		1545CFD119364F1F00C9F0AB /* SingletonFuncionarios.h */ = {isa = PBXFileReference; fileEncoding = 4; lastKnownFileType = sourcecode.c.h; path = SingletonFuncionarios.h; sourceTree = "<group>"; };
		1545CFD219364F1F00C9F0AB /* SingletonFuncionarios.m */ = {isa = PBXFileReference; fileEncoding = 4; lastKnownFileType = sourcecode.c.objc; path = SingletonFuncionarios.m; sourceTree = "<group>"; };
		158B92BC1906D35F006FF392 /* SWRevealViewController.h */ = {isa = PBXFileReference; fileEncoding = 4; lastKnownFileType = sourcecode.c.h; path = SWRevealViewController.h; sourceTree = "<group>"; };
		158B92BD1906D35F006FF392 /* SWRevealViewController.m */ = {isa = PBXFileReference; fileEncoding = 4; lastKnownFileType = sourcecode.c.objc; path = SWRevealViewController.m; sourceTree = "<group>"; };
		158B92BF1906DFC9006FF392 /* menu.png */ = {isa = PBXFileReference; lastKnownFileType = image.png; path = menu.png; sourceTree = "<group>"; };
		158B92C01906DFC9006FF392 /* menu@2x.png */ = {isa = PBXFileReference; lastKnownFileType = image.png; path = "menu@2x.png"; sourceTree = "<group>"; };
		158B92C41906E3B4006FF392 /* TableViewController.h */ = {isa = PBXFileReference; fileEncoding = 4; lastKnownFileType = sourcecode.c.h; path = TableViewController.h; sourceTree = "<group>"; };
		158B92C51906E3B4006FF392 /* TableViewController.m */ = {isa = PBXFileReference; fileEncoding = 4; lastKnownFileType = sourcecode.c.objc; path = TableViewController.m; sourceTree = "<group>"; };
		158B92C71906EC03006FF392 /* Orgao.h */ = {isa = PBXFileReference; fileEncoding = 4; lastKnownFileType = sourcecode.c.h; path = Orgao.h; sourceTree = "<group>"; };
		158B92C81906EC03006FF392 /* Orgao.m */ = {isa = PBXFileReference; fileEncoding = 4; lastKnownFileType = sourcecode.c.objc; path = Orgao.m; sourceTree = "<group>"; };
		158B92CA1906EC17006FF392 /* Funcionario.h */ = {isa = PBXFileReference; fileEncoding = 4; lastKnownFileType = sourcecode.c.h; path = Funcionario.h; sourceTree = "<group>"; };
		158B92CB1906EC17006FF392 /* Funcionario.m */ = {isa = PBXFileReference; fileEncoding = 4; lastKnownFileType = sourcecode.c.objc; path = Funcionario.m; sourceTree = "<group>"; };
		158B92CD1906EC23006FF392 /* Cargo.h */ = {isa = PBXFileReference; fileEncoding = 4; lastKnownFileType = sourcecode.c.h; path = Cargo.h; sourceTree = "<group>"; };
		158B92CE1906EC23006FF392 /* Cargo.m */ = {isa = PBXFileReference; fileEncoding = 4; lastKnownFileType = sourcecode.c.objc; path = Cargo.m; sourceTree = "<group>"; };
		158B92D01906F1E4006FF392 /* TableViewControllerOrgao.h */ = {isa = PBXFileReference; fileEncoding = 4; lastKnownFileType = sourcecode.c.h; path = TableViewControllerOrgao.h; sourceTree = "<group>"; };
		158B92D11906F1E4006FF392 /* TableViewControllerOrgao.m */ = {isa = PBXFileReference; fileEncoding = 4; lastKnownFileType = sourcecode.c.objc; path = TableViewControllerOrgao.m; sourceTree = "<group>"; };
		158B92D4190716BA006FF392 /* CustomCell.h */ = {isa = PBXFileReference; fileEncoding = 4; lastKnownFileType = sourcecode.c.h; path = CustomCell.h; sourceTree = "<group>"; };
		158B92D5190716BA006FF392 /* CustomCell.m */ = {isa = PBXFileReference; fileEncoding = 4; lastKnownFileType = sourcecode.c.objc; path = CustomCell.m; sourceTree = "<group>"; };
		158B92D71907179D006FF392 /* CustomCell.xib */ = {isa = PBXFileReference; fileEncoding = 4; lastKnownFileType = file.xib; path = CustomCell.xib; sourceTree = "<group>"; };
		158B92DD19074020006FF392 /* alarm.png */ = {isa = PBXFileReference; lastKnownFileType = image.png; path = alarm.png; sourceTree = "<group>"; };
		158B92DE19074020006FF392 /* birthday.png */ = {isa = PBXFileReference; lastKnownFileType = image.png; path = birthday.png; sourceTree = "<group>"; };
		158B92DF19074020006FF392 /* email.png */ = {isa = PBXFileReference; lastKnownFileType = image.png; path = email.png; sourceTree = "<group>"; };
		158B92E019074020006FF392 /* fax.png */ = {isa = PBXFileReference; lastKnownFileType = image.png; path = fax.png; sourceTree = "<group>"; };
		158B92E119074020006FF392 /* globe.png */ = {isa = PBXFileReference; lastKnownFileType = image.png; path = globe.png; sourceTree = "<group>"; };
		158B92E219074020006FF392 /* ok.png */ = {isa = PBXFileReference; lastKnownFileType = image.png; path = ok.png; sourceTree = "<group>"; };
		158B92E319074020006FF392 /* phone.png */ = {isa = PBXFileReference; lastKnownFileType = image.png; path = phone.png; sourceTree = "<group>"; };
		158B92E419074020006FF392 /* pin.png */ = {isa = PBXFileReference; lastKnownFileType = image.png; path = pin.png; sourceTree = "<group>"; };
		158B92E519074020006FF392 /* site.png */ = {isa = PBXFileReference; lastKnownFileType = image.png; path = site.png; sourceTree = "<group>"; };
		158B92E619074020006FF392 /* user.png */ = {isa = PBXFileReference; lastKnownFileType = image.png; path = user.png; sourceTree = "<group>"; };
		158B92F119074054006FF392 /* TableViewControllerCargo.h */ = {isa = PBXFileReference; fileEncoding = 4; lastKnownFileType = sourcecode.c.h; path = TableViewControllerCargo.h; sourceTree = "<group>"; };
		158B92F219074054006FF392 /* TableViewControllerCargo.m */ = {isa = PBXFileReference; fileEncoding = 4; lastKnownFileType = sourcecode.c.objc; path = TableViewControllerCargo.m; sourceTree = "<group>"; };
		158B92F41907513C006FF392 /* ViewControllerFuncionario.h */ = {isa = PBXFileReference; fileEncoding = 4; lastKnownFileType = sourcecode.c.h; name = ViewControllerFuncionario.h; path = ../ViewControllerFuncionario.h; sourceTree = "<group>"; };
		158B92F51907513C006FF392 /* ViewControllerFuncionario.m */ = {isa = PBXFileReference; fileEncoding = 4; lastKnownFileType = sourcecode.c.objc; name = ViewControllerFuncionario.m; path = ../ViewControllerFuncionario.m; sourceTree = "<group>"; };
		158EF5F519060B1B002E6F74 /* vector_logo2.png */ = {isa = PBXFileReference; lastKnownFileType = image.png; path = vector_logo2.png; sourceTree = "<group>"; };
		15A26FDE1909D05100FF7980 /* MessageUI.framework */ = {isa = PBXFileReference; lastKnownFileType = wrapper.framework; name = MessageUI.framework; path = System/Library/Frameworks/MessageUI.framework; sourceTree = SDKROOT; };
		15A5454E1905F7D100253D7C /* guiadopoder.app */ = {isa = PBXFileReference; explicitFileType = wrapper.application; includeInIndex = 0; path = guiadopoder.app; sourceTree = BUILT_PRODUCTS_DIR; };
		15A545511905F7D100253D7C /* Foundation.framework */ = {isa = PBXFileReference; lastKnownFileType = wrapper.framework; name = Foundation.framework; path = System/Library/Frameworks/Foundation.framework; sourceTree = SDKROOT; };
		15A545531905F7D100253D7C /* CoreGraphics.framework */ = {isa = PBXFileReference; lastKnownFileType = wrapper.framework; name = CoreGraphics.framework; path = System/Library/Frameworks/CoreGraphics.framework; sourceTree = SDKROOT; };
		15A545551905F7D100253D7C /* UIKit.framework */ = {isa = PBXFileReference; lastKnownFileType = wrapper.framework; name = UIKit.framework; path = System/Library/Frameworks/UIKit.framework; sourceTree = SDKROOT; };
		15A545591905F7D100253D7C /* guiadopoder-Info.plist */ = {isa = PBXFileReference; lastKnownFileType = text.plist.xml; path = "guiadopoder-Info.plist"; sourceTree = "<group>"; };
		15A5455B1905F7D100253D7C /* en */ = {isa = PBXFileReference; lastKnownFileType = text.plist.strings; name = en; path = en.lproj/InfoPlist.strings; sourceTree = "<group>"; };
		15A5455D1905F7D100253D7C /* main.m */ = {isa = PBXFileReference; lastKnownFileType = sourcecode.c.objc; path = main.m; sourceTree = "<group>"; };
		15A5455F1905F7D100253D7C /* guiadopoder-Prefix.pch */ = {isa = PBXFileReference; lastKnownFileType = sourcecode.c.h; path = "guiadopoder-Prefix.pch"; sourceTree = "<group>"; };
		15A545601905F7D100253D7C /* AppDelegate.h */ = {isa = PBXFileReference; lastKnownFileType = sourcecode.c.h; path = AppDelegate.h; sourceTree = "<group>"; };
		15A545611905F7D100253D7C /* AppDelegate.m */ = {isa = PBXFileReference; lastKnownFileType = sourcecode.c.objc; path = AppDelegate.m; sourceTree = "<group>"; };
		15A545641905F7D100253D7C /* Base */ = {isa = PBXFileReference; lastKnownFileType = file.storyboard; name = Base; path = Base.lproj/Main_iPhone.storyboard; sourceTree = "<group>"; };
		15A545671905F7D100253D7C /* Base */ = {isa = PBXFileReference; lastKnownFileType = file.storyboard; name = Base; path = Base.lproj/Main_iPad.storyboard; sourceTree = "<group>"; };
		15A545691905F7D100253D7C /* ViewController.h */ = {isa = PBXFileReference; lastKnownFileType = sourcecode.c.h; path = ViewController.h; sourceTree = "<group>"; };
		15A5456A1905F7D100253D7C /* ViewController.m */ = {isa = PBXFileReference; lastKnownFileType = sourcecode.c.objc; path = ViewController.m; sourceTree = "<group>"; };
		15A5456C1905F7D100253D7C /* Images.xcassets */ = {isa = PBXFileReference; lastKnownFileType = folder.assetcatalog; path = Images.xcassets; sourceTree = "<group>"; };
		15A545721905F7D100253D7C /* guiadopoderTests.xctest */ = {isa = PBXFileReference; explicitFileType = wrapper.cfbundle; includeInIndex = 0; path = guiadopoderTests.xctest; sourceTree = BUILT_PRODUCTS_DIR; };
		15A545731905F7D100253D7C /* XCTest.framework */ = {isa = PBXFileReference; lastKnownFileType = wrapper.framework; name = XCTest.framework; path = Library/Frameworks/XCTest.framework; sourceTree = DEVELOPER_DIR; };
		15A5457B1905F7D100253D7C /* guiadopoderTests-Info.plist */ = {isa = PBXFileReference; lastKnownFileType = text.plist.xml; path = "guiadopoderTests-Info.plist"; sourceTree = "<group>"; };
		15A5457D1905F7D100253D7C /* en */ = {isa = PBXFileReference; lastKnownFileType = text.plist.strings; name = en; path = en.lproj/InfoPlist.strings; sourceTree = "<group>"; };
		15A5457F1905F7D100253D7C /* guiadopoderTests.m */ = {isa = PBXFileReference; lastKnownFileType = sourcecode.c.objc; path = guiadopoderTests.m; sourceTree = "<group>"; };
		15AC18F81911BE010067919D /* search.png */ = {isa = PBXFileReference; lastKnownFileType = image.png; path = search.png; sourceTree = "<group>"; };
		15AC18FD1911C1320067919D /* TableViewControllerFilterName.h */ = {isa = PBXFileReference; fileEncoding = 4; lastKnownFileType = sourcecode.c.h; path = TableViewControllerFilterName.h; sourceTree = "<group>"; };
		15AC18FE1911C1320067919D /* TableViewControllerFilterName.m */ = {isa = PBXFileReference; fileEncoding = 4; lastKnownFileType = sourcecode.c.objc; path = TableViewControllerFilterName.m; sourceTree = "<group>"; };
		15AC19001911FBC70067919D /* add.png */ = {isa = PBXFileReference; lastKnownFileType = image.png; path = add.png; sourceTree = "<group>"; };
		15C2FE69192AC70700B36D1F /* logo_vector_about.jpg */ = {isa = PBXFileReference; lastKnownFileType = image.jpeg; path = logo_vector_about.jpg; sourceTree = "<group>"; };
		15DC5E691936A6600061F37E /* hall.png */ = {isa = PBXFileReference; lastKnownFileType = image.png; path = hall.png; sourceTree = "<group>"; };
		15FA30F0193547C100E8034D /* SingletonPoder.h */ = {isa = PBXFileReference; fileEncoding = 4; lastKnownFileType = sourcecode.c.h; path = SingletonPoder.h; sourceTree = "<group>"; };
		15FA30F1193547C100E8034D /* SingletonPoder.m */ = {isa = PBXFileReference; fileEncoding = 4; lastKnownFileType = sourcecode.c.objc; path = SingletonPoder.m; sourceTree = "<group>"; };
/* End PBXFileReference section */

/* Begin PBXFrameworksBuildPhase section */
		15A5454B1905F7D100253D7C /* Frameworks */ = {
			isa = PBXFrameworksBuildPhase;
			buildActionMask = 2147483647;
			files = (
				15A26FDF1909D05100FF7980 /* MessageUI.framework in Frameworks */,
				15A545541905F7D100253D7C /* CoreGraphics.framework in Frameworks */,
				15A545561905F7D100253D7C /* UIKit.framework in Frameworks */,
				15A545521905F7D100253D7C /* Foundation.framework in Frameworks */,
			);
			runOnlyForDeploymentPostprocessing = 0;
		};
		15A5456F1905F7D100253D7C /* Frameworks */ = {
			isa = PBXFrameworksBuildPhase;
			buildActionMask = 2147483647;
			files = (
				15A545741905F7D100253D7C /* XCTest.framework in Frameworks */,
				15A545761905F7D100253D7C /* UIKit.framework in Frameworks */,
				15A545751905F7D100253D7C /* Foundation.framework in Frameworks */,
			);
			runOnlyForDeploymentPostprocessing = 0;
		};
/* End PBXFrameworksBuildPhase section */

/* Begin PBXGroup section */
		151ECDEE19342F440081841F /* JSON_Lib */ = {
			isa = PBXGroup;
			children = (
				151ECDEF19342F7A0081841F /* NSObject+SBJson.h */,
				151ECDF019342F7A0081841F /* NSObject+SBJson.m */,
				151ECDF119342F7A0081841F /* SBJson.h */,
				151ECDF219342F7A0081841F /* SBJsonParser.h */,
				151ECDF319342F7A0081841F /* SBJsonParser.m */,
				151ECDF419342F7A0081841F /* SBJsonStreamParser.h */,
				151ECDF519342F7A0081841F /* SBJsonStreamParser.m */,
				151ECDF619342F7A0081841F /* SBJsonStreamParserAccumulator.h */,
				151ECDF719342F7A0081841F /* SBJsonStreamParserAccumulator.m */,
				151ECDF819342F7A0081841F /* SBJsonStreamParserAdapter.h */,
				151ECDF919342F7A0081841F /* SBJsonStreamParserAdapter.m */,
				151ECDFA19342F7A0081841F /* SBJsonStreamParserState.h */,
				151ECDFB19342F7A0081841F /* SBJsonStreamParserState.m */,
				151ECDFC19342F7A0081841F /* SBJsonStreamWriter.h */,
				151ECDFD19342F7A0081841F /* SBJsonStreamWriter.m */,
				151ECDFE19342F7A0081841F /* SBJsonStreamWriterAccumulator.h */,
				151ECDFF19342F7A0081841F /* SBJsonStreamWriterAccumulator.m */,
				151ECE0019342F7A0081841F /* SBJsonStreamWriterState.h */,
				151ECE0119342F7A0081841F /* SBJsonStreamWriterState.m */,
				151ECE0219342F7A0081841F /* SBJsonTokeniser.h */,
				151ECE0319342F7A0081841F /* SBJsonTokeniser.m */,
				151ECE0419342F7A0081841F /* SBJsonUTF8Stream.h */,
				151ECE0519342F7A0081841F /* SBJsonUTF8Stream.m */,
				151ECE0619342F7A0081841F /* SBJsonWriter.h */,
				151ECE0719342F7A0081841F /* SBJsonWriter.m */,
				151ECE0819342F7A0081841F /* SMXMLDocument.h */,
				151ECE0919342F7A0081841F /* SMXMLDocument.m */,
			);
			name = JSON_Lib;
			sourceTree = "<group>";
		};
		151ECE1719342F8F0081841F /* Utils */ = {
			isa = PBXGroup;
			children = (
				151ECE1819342FB60081841F /* HttpHelper.h */,
				151ECE1919342FB60081841F /* HttpHelper.m */,
				151ECE1A19342FB60081841F /* Transacao.h */,
				151ECE1B19342FB60081841F /* TransacaoUtil.h */,
				151ECE1C19342FB60081841F /* TransacaoUtil.m */,
			);
			name = Utils;
			sourceTree = "<group>";
		};
		158B92BB1906D206006FF392 /* SWRevealViewController */ = {
			isa = PBXGroup;
			children = (
				158B92BC1906D35F006FF392 /* SWRevealViewController.h */,
				158B92BD1906D35F006FF392 /* SWRevealViewController.m */,
			);
			name = SWRevealViewController;
			sourceTree = "<group>";
		};
		158B92C31906E1B4006FF392 /* Model */ = {
			isa = PBXGroup;
			children = (
				151ECDE8193417BF0081841F /* Poder.h */,
				151ECDE9193417BF0081841F /* Poder.m */,
				151ECDE5193417AC0081841F /* Setor.h */,
				151ECDE6193417AC0081841F /* Setor.m */,
				158B92C71906EC03006FF392 /* Orgao.h */,
				158B92C81906EC03006FF392 /* Orgao.m */,
				158B92CA1906EC17006FF392 /* Funcionario.h */,
				158B92CB1906EC17006FF392 /* Funcionario.m */,
				158B92CD1906EC23006FF392 /* Cargo.h */,
				158B92CE1906EC23006FF392 /* Cargo.m */,
			);
			name = Model;
			sourceTree = "<group>";
		};
		158B92D31907168C006FF392 /* Cell */ = {
			isa = PBXGroup;
			children = (
				158B92D4190716BA006FF392 /* CustomCell.h */,
				158B92D5190716BA006FF392 /* CustomCell.m */,
				158B92D71907179D006FF392 /* CustomCell.xib */,
			);
			name = Cell;
			sourceTree = "<group>";
		};
		158B92D919071A75006FF392 /* Service */ = {
			isa = PBXGroup;
			children = (
				151ECE1F19342FF40081841F /* PoderesService.h */,
				151ECE2019342FF40081841F /* PoderesService.m */,
			);
			name = Service;
			sourceTree = "<group>";
		};
		158EF5F419060B12002E6F74 /* Imagens */ = {
			isa = PBXGroup;
			children = (
				15DC5E691936A6600061F37E /* hall.png */,
				15C2FE69192AC70700B36D1F /* logo_vector_about.jpg */,
				15AC19001911FBC70067919D /* add.png */,
				15AC18F81911BE010067919D /* search.png */,
				158B92DD19074020006FF392 /* alarm.png */,
				158B92DE19074020006FF392 /* birthday.png */,
				158B92DF19074020006FF392 /* email.png */,
				158B92E019074020006FF392 /* fax.png */,
				158B92E119074020006FF392 /* globe.png */,
				158B92E219074020006FF392 /* ok.png */,
				158B92E319074020006FF392 /* phone.png */,
				158B92E419074020006FF392 /* pin.png */,
				158B92E519074020006FF392 /* site.png */,
				158B92E619074020006FF392 /* user.png */,
				158B92BF1906DFC9006FF392 /* menu.png */,
				158B92C01906DFC9006FF392 /* menu@2x.png */,
				158EF5F519060B1B002E6F74 /* vector_logo2.png */,
			);
			name = Imagens;
			sourceTree = "<group>";
		};
		15A545451905F7D100253D7C = {
			isa = PBXGroup;
			children = (
				15A545571905F7D100253D7C /* guiadopoder */,
				15A545791905F7D100253D7C /* guiadopoderTests */,
				15A545501905F7D100253D7C /* Frameworks */,
				15A5454F1905F7D100253D7C /* Products */,
			);
			sourceTree = "<group>";
		};
		15A5454F1905F7D100253D7C /* Products */ = {
			isa = PBXGroup;
			children = (
				15A5454E1905F7D100253D7C /* guiadopoder.app */,
				15A545721905F7D100253D7C /* guiadopoderTests.xctest */,
			);
			name = Products;
			sourceTree = "<group>";
		};
		15A545501905F7D100253D7C /* Frameworks */ = {
			isa = PBXGroup;
			children = (
				15A26FDE1909D05100FF7980 /* MessageUI.framework */,
				15A545511905F7D100253D7C /* Foundation.framework */,
				15A545531905F7D100253D7C /* CoreGraphics.framework */,
				15A545551905F7D100253D7C /* UIKit.framework */,
				15A545731905F7D100253D7C /* XCTest.framework */,
			);
			name = Frameworks;
			sourceTree = "<group>";
		};
		15A545571905F7D100253D7C /* guiadopoder */ = {
			isa = PBXGroup;
			children = (
				15FA30F3193547C900E8034D /* Singleton */,
				151ECE1719342F8F0081841F /* Utils */,
				151ECDEE19342F440081841F /* JSON_Lib */,
				158B92D919071A75006FF392 /* Service */,
				158B92D31907168C006FF392 /* Cell */,
				158B92C31906E1B4006FF392 /* Model */,
				158B92BB1906D206006FF392 /* SWRevealViewController */,
				158EF5F419060B12002E6F74 /* Imagens */,
				15A545601905F7D100253D7C /* AppDelegate.h */,
				15A545611905F7D100253D7C /* AppDelegate.m */,
				15A545631905F7D100253D7C /* Main_iPhone.storyboard */,
				15A545661905F7D100253D7C /* Main_iPad.storyboard */,
				15A545691905F7D100253D7C /* ViewController.h */,
				15A5456A1905F7D100253D7C /* ViewController.m */,
				158B92C41906E3B4006FF392 /* TableViewController.h */,
				158B92C51906E3B4006FF392 /* TableViewController.m */,
				151ECDE2193416250081841F /* TableViewControllerSetor.h */,
				151ECDE3193416250081841F /* TableViewControllerSetor.m */,
				158B92D01906F1E4006FF392 /* TableViewControllerOrgao.h */,
				158B92D11906F1E4006FF392 /* TableViewControllerOrgao.m */,
				158B92F119074054006FF392 /* TableViewControllerCargo.h */,
				158B92F219074054006FF392 /* TableViewControllerCargo.m */,
				15AC18FD1911C1320067919D /* TableViewControllerFilterName.h */,
				15AC18FE1911C1320067919D /* TableViewControllerFilterName.m */,
				151ECDEB1934278B0081841F /* TableViewControllerFuncionarios.h */,
				151ECDEC1934278B0081841F /* TableViewControllerFuncionarios.m */,
				158B92F41907513C006FF392 /* ViewControllerFuncionario.h */,
				158B92F51907513C006FF392 /* ViewControllerFuncionario.m */,
				15A5456C1905F7D100253D7C /* Images.xcassets */,
				15A545581905F7D100253D7C /* Supporting Files */,
			);
			path = guiadopoder;
			sourceTree = "<group>";
		};
		15A545581905F7D100253D7C /* Supporting Files */ = {
			isa = PBXGroup;
			children = (
				15A545591905F7D100253D7C /* guiadopoder-Info.plist */,
				15A5455A1905F7D100253D7C /* InfoPlist.strings */,
				15A5455D1905F7D100253D7C /* main.m */,
				15A5455F1905F7D100253D7C /* guiadopoder-Prefix.pch */,
			);
			name = "Supporting Files";
			sourceTree = "<group>";
		};
		15A545791905F7D100253D7C /* guiadopoderTests */ = {
			isa = PBXGroup;
			children = (
				15A5457F1905F7D100253D7C /* guiadopoderTests.m */,
				15A5457A1905F7D100253D7C /* Supporting Files */,
			);
			path = guiadopoderTests;
			sourceTree = "<group>";
		};
		15A5457A1905F7D100253D7C /* Supporting Files */ = {
			isa = PBXGroup;
			children = (
				15A5457B1905F7D100253D7C /* guiadopoderTests-Info.plist */,
				15A5457C1905F7D100253D7C /* InfoPlist.strings */,
			);
			name = "Supporting Files";
			sourceTree = "<group>";
		};
		15FA30F3193547C900E8034D /* Singleton */ = {
			isa = PBXGroup;
			children = (
				15FA30F1193547C100E8034D /* SingletonPoder.m */,
				15FA30F0193547C100E8034D /* SingletonPoder.h */,
				1545CFD119364F1F00C9F0AB /* SingletonFuncionarios.h */,
				1545CFD219364F1F00C9F0AB /* SingletonFuncionarios.m */,
			);
			name = Singleton;
			sourceTree = "<group>";
		};
/* End PBXGroup section */

/* Begin PBXNativeTarget section */
		15A5454D1905F7D100253D7C /* guiadopoder */ = {
			isa = PBXNativeTarget;
			buildConfigurationList = 15A545831905F7D100253D7C /* Build configuration list for PBXNativeTarget "guiadopoder" */;
			buildPhases = (
				15A5454A1905F7D100253D7C /* Sources */,
				15A5454B1905F7D100253D7C /* Frameworks */,
				15A5454C1905F7D100253D7C /* Resources */,
			);
			buildRules = (
			);
			dependencies = (
			);
			name = guiadopoder;
			productName = guiadopoder;
			productReference = 15A5454E1905F7D100253D7C /* guiadopoder.app */;
			productType = "com.apple.product-type.application";
		};
		15A545711905F7D100253D7C /* guiadopoderTests */ = {
			isa = PBXNativeTarget;
			buildConfigurationList = 15A545861905F7D100253D7C /* Build configuration list for PBXNativeTarget "guiadopoderTests" */;
			buildPhases = (
				15A5456E1905F7D100253D7C /* Sources */,
				15A5456F1905F7D100253D7C /* Frameworks */,
				15A545701905F7D100253D7C /* Resources */,
			);
			buildRules = (
			);
			dependencies = (
				15A545781905F7D100253D7C /* PBXTargetDependency */,
			);
			name = guiadopoderTests;
			productName = guiadopoderTests;
			productReference = 15A545721905F7D100253D7C /* guiadopoderTests.xctest */;
			productType = "com.apple.product-type.bundle.unit-test";
		};
/* End PBXNativeTarget section */

/* Begin PBXProject section */
		15A545461905F7D100253D7C /* Project object */ = {
			isa = PBXProject;
			attributes = {
				LastUpgradeCheck = 0510;
				ORGANIZATIONNAME = Bruno;
				TargetAttributes = {
					15A5454D1905F7D100253D7C = {
						DevelopmentTeam = 8UW672R5KC;
					};
					15A545711905F7D100253D7C = {
						TestTargetID = 15A5454D1905F7D100253D7C;
					};
				};
			};
			buildConfigurationList = 15A545491905F7D100253D7C /* Build configuration list for PBXProject "guiadopoder" */;
			compatibilityVersion = "Xcode 3.2";
			developmentRegion = English;
			hasScannedForEncodings = 0;
			knownRegions = (
				en,
				Base,
			);
			mainGroup = 15A545451905F7D100253D7C;
			productRefGroup = 15A5454F1905F7D100253D7C /* Products */;
			projectDirPath = "";
			projectRoot = "";
			targets = (
				15A5454D1905F7D100253D7C /* guiadopoder */,
				15A545711905F7D100253D7C /* guiadopoderTests */,
			);
		};
/* End PBXProject section */

/* Begin PBXResourcesBuildPhase section */
		15A5454C1905F7D100253D7C /* Resources */ = {
			isa = PBXResourcesBuildPhase;
			buildActionMask = 2147483647;
			files = (
				158B92EF19074020006FF392 /* site.png in Resources */,
				158B92E919074020006FF392 /* email.png in Resources */,
				158B92F019074020006FF392 /* user.png in Resources */,
				15AC19011911FBC70067919D /* add.png in Resources */,
				158B92EE19074020006FF392 /* pin.png in Resources */,
				158B92E819074020006FF392 /* birthday.png in Resources */,
				15DC5E6A1936A6610061F37E /* hall.png in Resources */,
				158B92ED19074020006FF392 /* phone.png in Resources */,
				15C2FE6A192AC70700B36D1F /* logo_vector_about.jpg in Resources */,
				158EF5F619060B1B002E6F74 /* vector_logo2.png in Resources */,
				158B92C21906DFC9006FF392 /* menu@2x.png in Resources */,
				158B92E719074020006FF392 /* alarm.png in Resources */,
				158B92D81907179D006FF392 /* CustomCell.xib in Resources */,
				158B92EB19074020006FF392 /* globe.png in Resources */,
				158B92EC19074020006FF392 /* ok.png in Resources */,
				15A545681905F7D100253D7C /* Main_iPad.storyboard in Resources */,
				15AC18F91911BE010067919D /* search.png in Resources */,
				158B92C11906DFC9006FF392 /* menu.png in Resources */,
				15A5456D1905F7D100253D7C /* Images.xcassets in Resources */,
				158B92EA19074020006FF392 /* fax.png in Resources */,
				15A545651905F7D100253D7C /* Main_iPhone.storyboard in Resources */,
				15A5455C1905F7D100253D7C /* InfoPlist.strings in Resources */,
			);
			runOnlyForDeploymentPostprocessing = 0;
		};
		15A545701905F7D100253D7C /* Resources */ = {
			isa = PBXResourcesBuildPhase;
			buildActionMask = 2147483647;
			files = (
				15A5457E1905F7D100253D7C /* InfoPlist.strings in Resources */,
			);
			runOnlyForDeploymentPostprocessing = 0;
		};
/* End PBXResourcesBuildPhase section */

/* Begin PBXSourcesBuildPhase section */
		15A5454A1905F7D100253D7C /* Sources */ = {
			isa = PBXSourcesBuildPhase;
			buildActionMask = 2147483647;
			files = (
				151ECE1219342F7A0081841F /* SBJsonStreamWriterState.m in Sources */,
				151ECE1519342F7A0081841F /* SBJsonWriter.m in Sources */,
				158B92CC1906EC17006FF392 /* Funcionario.m in Sources */,
				158B92C91906EC03006FF392 /* Orgao.m in Sources */,
				15A5456B1905F7D100253D7C /* ViewController.m in Sources */,
				158B92D21906F1E4006FF392 /* TableViewControllerOrgao.m in Sources */,
				151ECE0E19342F7A0081841F /* SBJsonStreamParserAdapter.m in Sources */,
				151ECE1D19342FB60081841F /* HttpHelper.m in Sources */,
				151ECDEA193417BF0081841F /* Poder.m in Sources */,
				158B92F319074054006FF392 /* TableViewControllerCargo.m in Sources */,
				151ECE0D19342F7A0081841F /* SBJsonStreamParserAccumulator.m in Sources */,
				151ECE1119342F7A0081841F /* SBJsonStreamWriterAccumulator.m in Sources */,
				151ECE1419342F7A0081841F /* SBJsonUTF8Stream.m in Sources */,
				151ECE1019342F7A0081841F /* SBJsonStreamWriter.m in Sources */,
				151ECE1619342F7A0081841F /* SMXMLDocument.m in Sources */,
				15FA30F2193547C200E8034D /* SingletonPoder.m in Sources */,
				158B92D6190716BA006FF392 /* CustomCell.m in Sources */,
				15AC18FF1911C1320067919D /* TableViewControllerFilterName.m in Sources */,
				15A545621905F7D100253D7C /* AppDelegate.m in Sources */,
				151ECE0A19342F7A0081841F /* NSObject+SBJson.m in Sources */,
				151ECDED1934278B0081841F /* TableViewControllerFuncionarios.m in Sources */,
				151ECE1E19342FB60081841F /* TransacaoUtil.m in Sources */,
				15A5455E1905F7D100253D7C /* main.m in Sources */,
				151ECE0B19342F7A0081841F /* SBJsonParser.m in Sources */,
				158B92C61906E3B4006FF392 /* TableViewController.m in Sources */,
				151ECE2119342FF40081841F /* PoderesService.m in Sources */,
				151ECDE4193416250081841F /* TableViewControllerSetor.m in Sources */,
				1545CFD319364F1F00C9F0AB /* SingletonFuncionarios.m in Sources */,
				158B92CF1906EC23006FF392 /* Cargo.m in Sources */,
				158B92F61907513C006FF392 /* ViewControllerFuncionario.m in Sources */,
				151ECE1319342F7A0081841F /* SBJsonTokeniser.m in Sources */,
				151ECE0C19342F7A0081841F /* SBJsonStreamParser.m in Sources */,
				151ECE0F19342F7A0081841F /* SBJsonStreamParserState.m in Sources */,
				158B92BE1906D35F006FF392 /* SWRevealViewController.m in Sources */,
				151ECDE7193417AC0081841F /* Setor.m in Sources */,
			);
			runOnlyForDeploymentPostprocessing = 0;
		};
		15A5456E1905F7D100253D7C /* Sources */ = {
			isa = PBXSourcesBuildPhase;
			buildActionMask = 2147483647;
			files = (
				15A545801905F7D100253D7C /* guiadopoderTests.m in Sources */,
			);
			runOnlyForDeploymentPostprocessing = 0;
		};
/* End PBXSourcesBuildPhase section */

/* Begin PBXTargetDependency section */
		15A545781905F7D100253D7C /* PBXTargetDependency */ = {
			isa = PBXTargetDependency;
			target = 15A5454D1905F7D100253D7C /* guiadopoder */;
			targetProxy = 15A545771905F7D100253D7C /* PBXContainerItemProxy */;
		};
/* End PBXTargetDependency section */

/* Begin PBXVariantGroup section */
		15A5455A1905F7D100253D7C /* InfoPlist.strings */ = {
			isa = PBXVariantGroup;
			children = (
				15A5455B1905F7D100253D7C /* en */,
			);
			name = InfoPlist.strings;
			sourceTree = "<group>";
		};
		15A545631905F7D100253D7C /* Main_iPhone.storyboard */ = {
			isa = PBXVariantGroup;
			children = (
				15A545641905F7D100253D7C /* Base */,
			);
			name = Main_iPhone.storyboard;
			sourceTree = "<group>";
		};
		15A545661905F7D100253D7C /* Main_iPad.storyboard */ = {
			isa = PBXVariantGroup;
			children = (
				15A545671905F7D100253D7C /* Base */,
			);
			name = Main_iPad.storyboard;
			sourceTree = "<group>";
		};
		15A5457C1905F7D100253D7C /* InfoPlist.strings */ = {
			isa = PBXVariantGroup;
			children = (
				15A5457D1905F7D100253D7C /* en */,
			);
			name = InfoPlist.strings;
			sourceTree = "<group>";
		};
/* End PBXVariantGroup section */

/* Begin XCBuildConfiguration section */
		15A545811905F7D100253D7C /* Debug */ = {
			isa = XCBuildConfiguration;
			buildSettings = {
				ALWAYS_SEARCH_USER_PATHS = NO;
				CLANG_CXX_LANGUAGE_STANDARD = "gnu++0x";
				CLANG_CXX_LIBRARY = "libc++";
				CLANG_ENABLE_MODULES = YES;
				CLANG_ENABLE_OBJC_ARC = YES;
				CLANG_WARN_BOOL_CONVERSION = YES;
				CLANG_WARN_CONSTANT_CONVERSION = YES;
				CLANG_WARN_DIRECT_OBJC_ISA_USAGE = YES_ERROR;
				CLANG_WARN_EMPTY_BODY = YES;
				CLANG_WARN_ENUM_CONVERSION = YES;
				CLANG_WARN_INT_CONVERSION = YES;
				CLANG_WARN_OBJC_ROOT_CLASS = YES_ERROR;
				CLANG_WARN__DUPLICATE_METHOD_MATCH = YES;
				"CODE_SIGN_IDENTITY[sdk=iphoneos*]" = "iPhone Developer";
				COPY_PHASE_STRIP = NO;
				GCC_C_LANGUAGE_STANDARD = gnu99;
				GCC_DYNAMIC_NO_PIC = NO;
				GCC_OPTIMIZATION_LEVEL = 0;
				GCC_PREPROCESSOR_DEFINITIONS = (
					"DEBUG=1",
					"$(inherited)",
				);
				GCC_SYMBOLS_PRIVATE_EXTERN = NO;
				GCC_WARN_64_TO_32_BIT_CONVERSION = YES;
				GCC_WARN_ABOUT_RETURN_TYPE = YES_ERROR;
				GCC_WARN_UNDECLARED_SELECTOR = YES;
				GCC_WARN_UNINITIALIZED_AUTOS = YES_AGGRESSIVE;
				GCC_WARN_UNUSED_FUNCTION = YES;
				GCC_WARN_UNUSED_VARIABLE = YES;
				IPHONEOS_DEPLOYMENT_TARGET = 7.1;
				ONLY_ACTIVE_ARCH = YES;
				SDKROOT = iphoneos;
				TARGETED_DEVICE_FAMILY = "1,2";
			};
			name = Debug;
		};
		15A545821905F7D100253D7C /* Release */ = {
			isa = XCBuildConfiguration;
			buildSettings = {
				ALWAYS_SEARCH_USER_PATHS = NO;
				CLANG_CXX_LANGUAGE_STANDARD = "gnu++0x";
				CLANG_CXX_LIBRARY = "libc++";
				CLANG_ENABLE_MODULES = YES;
				CLANG_ENABLE_OBJC_ARC = YES;
				CLANG_WARN_BOOL_CONVERSION = YES;
				CLANG_WARN_CONSTANT_CONVERSION = YES;
				CLANG_WARN_DIRECT_OBJC_ISA_USAGE = YES_ERROR;
				CLANG_WARN_EMPTY_BODY = YES;
				CLANG_WARN_ENUM_CONVERSION = YES;
				CLANG_WARN_INT_CONVERSION = YES;
				CLANG_WARN_OBJC_ROOT_CLASS = YES_ERROR;
				CLANG_WARN__DUPLICATE_METHOD_MATCH = YES;
				"CODE_SIGN_IDENTITY[sdk=iphoneos*]" = "iPhone Developer";
				COPY_PHASE_STRIP = YES;
				ENABLE_NS_ASSERTIONS = NO;
				GCC_C_LANGUAGE_STANDARD = gnu99;
				GCC_WARN_64_TO_32_BIT_CONVERSION = YES;
				GCC_WARN_ABOUT_RETURN_TYPE = YES_ERROR;
				GCC_WARN_UNDECLARED_SELECTOR = YES;
				GCC_WARN_UNINITIALIZED_AUTOS = YES_AGGRESSIVE;
				GCC_WARN_UNUSED_FUNCTION = YES;
				GCC_WARN_UNUSED_VARIABLE = YES;
				IPHONEOS_DEPLOYMENT_TARGET = 7.1;
				SDKROOT = iphoneos;
				TARGETED_DEVICE_FAMILY = "1,2";
				VALIDATE_PRODUCT = YES;
			};
			name = Release;
		};
		15A545841905F7D100253D7C /* Debug */ = {
			isa = XCBuildConfiguration;
			buildSettings = {
				ASSETCATALOG_COMPILER_APPICON_NAME = AppIcon;
				ASSETCATALOG_COMPILER_LAUNCHIMAGE_NAME = LaunchImage;
				CODE_SIGN_IDENTITY = "iPhone Developer";
				GCC_PRECOMPILE_PREFIX_HEADER = YES;
				GCC_PREFIX_HEADER = "guiadopoder/guiadopoder-Prefix.pch";
				INFOPLIST_FILE = "guiadopoder/guiadopoder-Info.plist";
				IPHONEOS_DEPLOYMENT_TARGET = 7.0;
				PRODUCT_NAME = "$(TARGET_NAME)";
				TARGETED_DEVICE_FAMILY = "1,2";
				WRAPPER_EXTENSION = app;
			};
			name = Debug;
		};
		15A545851905F7D100253D7C /* Release */ = {
			isa = XCBuildConfiguration;
			buildSettings = {
				ASSETCATALOG_COMPILER_APPICON_NAME = AppIcon;
				ASSETCATALOG_COMPILER_LAUNCHIMAGE_NAME = LaunchImage;
				CODE_SIGN_IDENTITY = "iPhone Developer";
				GCC_PRECOMPILE_PREFIX_HEADER = YES;
				GCC_PREFIX_HEADER = "guiadopoder/guiadopoder-Prefix.pch";
				INFOPLIST_FILE = "guiadopoder/guiadopoder-Info.plist";
				IPHONEOS_DEPLOYMENT_TARGET = 7.0;
				PRODUCT_NAME = "$(TARGET_NAME)";
				TARGETED_DEVICE_FAMILY = "1,2";
				WRAPPER_EXTENSION = app;
			};
			name = Release;
		};
		15A545871905F7D100253D7C /* Debug */ = {
			isa = XCBuildConfiguration;
			buildSettings = {
				BUNDLE_LOADER = "$(BUILT_PRODUCTS_DIR)/guiadopoder.app/guiadopoder";
				FRAMEWORK_SEARCH_PATHS = (
					"$(SDKROOT)/Developer/Library/Frameworks",
					"$(inherited)",
					"$(DEVELOPER_FRAMEWORKS_DIR)",
				);
				GCC_PRECOMPILE_PREFIX_HEADER = YES;
				GCC_PREFIX_HEADER = "guiadopoder/guiadopoder-Prefix.pch";
				GCC_PREPROCESSOR_DEFINITIONS = (
					"DEBUG=1",
					"$(inherited)",
				);
				INFOPLIST_FILE = "guiadopoderTests/guiadopoderTests-Info.plist";
				PRODUCT_NAME = "$(TARGET_NAME)";
				TEST_HOST = "$(BUNDLE_LOADER)";
				WRAPPER_EXTENSION = xctest;
			};
			name = Debug;
		};
		15A545881905F7D100253D7C /* Release */ = {
			isa = XCBuildConfiguration;
			buildSettings = {
				BUNDLE_LOADER = "$(BUILT_PRODUCTS_DIR)/guiadopoder.app/guiadopoder";
				FRAMEWORK_SEARCH_PATHS = (
					"$(SDKROOT)/Developer/Library/Frameworks",
					"$(inherited)",
					"$(DEVELOPER_FRAMEWORKS_DIR)",
				);
				GCC_PRECOMPILE_PREFIX_HEADER = YES;
				GCC_PREFIX_HEADER = "guiadopoder/guiadopoder-Prefix.pch";
				INFOPLIST_FILE = "guiadopoderTests/guiadopoderTests-Info.plist";
				PRODUCT_NAME = "$(TARGET_NAME)";
				TEST_HOST = "$(BUNDLE_LOADER)";
				WRAPPER_EXTENSION = xctest;
			};
			name = Release;
		};
/* End XCBuildConfiguration section */

/* Begin XCConfigurationList section */
		15A545491905F7D100253D7C /* Build configuration list for PBXProject "guiadopoder" */ = {
			isa = XCConfigurationList;
			buildConfigurations = (
				15A545811905F7D100253D7C /* Debug */,
				15A545821905F7D100253D7C /* Release */,
			);
			defaultConfigurationIsVisible = 0;
			defaultConfigurationName = Release;
		};
		15A545831905F7D100253D7C /* Build configuration list for PBXNativeTarget "guiadopoder" */ = {
			isa = XCConfigurationList;
			buildConfigurations = (
				15A545841905F7D100253D7C /* Debug */,
				15A545851905F7D100253D7C /* Release */,
			);
			defaultConfigurationIsVisible = 0;
			defaultConfigurationName = Release;
		};
		15A545861905F7D100253D7C /* Build configuration list for PBXNativeTarget "guiadopoderTests" */ = {
			isa = XCConfigurationList;
			buildConfigurations = (
				15A545871905F7D100253D7C /* Debug */,
				15A545881905F7D100253D7C /* Release */,
			);
			defaultConfigurationIsVisible = 0;
			defaultConfigurationName = Release;
		};
/* End XCConfigurationList section */
	};
	rootObject = 15A545461905F7D100253D7C /* Project object */;
}
